
Microsoft Visual Studio Solution File, Format Version 12.00
Project("{2150E333-8FDC-42A3-9474-1A3956D46DE8}") = "CupcakeKata", "CupcakeKata", "{5565CA1C-5E81-45FF-9F7A-F93F76D03B3D}"
EndProject
Project("{FAE04EC0-301F-11D3-BF4B-00C04F79EFBC}") = "Cupcake.Tests", "Cupcake.Tests\Cupcake.Tests.csproj", "{4CC41DE2-046F-4DE0-A063-619387070F37}"
EndProject
Project("{FAE04EC0-301F-11D3-BF4B-00C04F79EFBC}") = "Cupcake.Domain", "Cupcake.Domain\Cupcake.Domain.csproj", "{0E7B3B54-A53A-42CE-90F1-98880A358EE0}"
EndProject
Global
	GlobalSection(SolutionConfigurationPlatforms) = preSolution
		Debug|Any CPU = Debug|Any CPU
		Release|Any CPU = Release|Any CPU
	EndGlobalSection
	GlobalSection(NestedProjects) = preSolution
		{4CC41DE2-046F-4DE0-A063-619387070F37} = {5565CA1C-5E81-45FF-9F7A-F93F76D03B3D}
		{0E7B3B54-A53A-42CE-90F1-98880A358EE0} = {5565CA1C-5E81-45FF-9F7A-F93F76D03B3D}
	EndGlobalSection
	GlobalSection(ProjectConfigurationPlatforms) = postSolution
		{4CC41DE2-046F-4DE0-A063-619387070F37}.Debug|Any CPU.ActiveCfg = Debug|Any CPU
		{4CC41DE2-046F-4DE0-A063-619387070F37}.Debug|Any CPU.Build.0 = Debug|Any CPU
		{4CC41DE2-046F-4DE0-A063-619387070F37}.Release|Any CPU.ActiveCfg = Release|Any CPU
		{4CC41DE2-046F-4DE0-A063-619387070F37}.Release|Any CPU.Build.0 = Release|Any CPU
		{0E7B3B54-A53A-42CE-90F1-98880A358EE0}.Debug|Any CPU.ActiveCfg = Debug|Any CPU
		{0E7B3B54-A53A-42CE-90F1-98880A358EE0}.Debug|Any CPU.Build.0 = Debug|Any CPU
		{0E7B3B54-A53A-42CE-90F1-98880A358EE0}.Release|Any CPU.ActiveCfg = Release|Any CPU
		{0E7B3B54-A53A-42CE-90F1-98880A358EE0}.Release|Any CPU.Build.0 = Release|Any CPU
	EndGlobalSection
EndGlobal
